{
  "name": "send-email-to-github-users",
  "version": "1.0.0",
  "lockfileVersion": 1,
  "requires": true,
  "dependencies": {
    "addressparser": {
      "version": "1.0.1",
      "resolved": "https://registry.npmjs.org/addressparser/-/addressparser-1.0.1.tgz",
      "integrity": "sha1-R6++GiqSYhkdtoOOT9HTm0CCF0Y="
    },
    "async": {
      "version": "1.5.2",
      "resolved": "https://registry.npmjs.org/async/-/async-1.5.2.tgz",
      "integrity": "sha1-7GphrlZIDAw8skHJVhjiCJL5Zyo="
    },
    "buildmail": {
      "version": "3.5.2",
      "resolved": "https://registry.npmjs.org/buildmail/-/buildmail-3.5.2.tgz",
      "integrity": "sha1-lugTtLP2lEdToMWL4Je0XFyJsRc=",
      "requires": {
        "addressparser": "1.0.1",
        "libbase64": "0.1.0",
        "libmime": "2.0.3",
        "libqp": "1.1.0",
        "nodemailer-fetch": "1.3.0",
        "nodemailer-shared": "1.0.4"
      }
    },
    "chinese-mail": {
      "version": "0.2.3",
      "resolved": "https://registry.npmjs.org/chinese-mail/-/chinese-mail-0.2.3.tgz",
      "integrity": "sha1-96MJYNHmWFzn6fUCFXNHVsDlbiY=",
      "requires": {
        "async": "1.5.2",
        "memory-cache": "0.2.0",
        "nodemailer": "2.3.0",
        "nodemailer-smtp-transport": "2.4.0"
      }
    },
    "iconv-lite": {
      "version": "0.4.13",
      "resolved": "https://registry.npmjs.org/iconv-lite/-/iconv-lite-0.4.13.tgz",
      "integrity": "sha1-H4irpKsLFQjoMSrMOTRfNumS4vI="
    },
    "ip": {
      "version": "0.3.3",
      "resolved": "https://registry.npmjs.org/ip/-/ip-0.3.3.tgz",
      "integrity": "sha1-jugwnpLwsEDSh/cu+soaIXAtP7Q="
    },
    "libbase64": {
      "version": "0.1.0",
      "resolved": "https://registry.npmjs.org/libbase64/-/libbase64-0.1.0.tgz",
      "integrity": "sha1-YjUag5VjrF/1vSbxL2Dpgwu3UeY="
    },
    "libmime": {
      "version": "2.0.3",
      "resolved": "https://registry.npmjs.org/libmime/-/libmime-2.0.3.tgz",
      "integrity": "sha1-VXUaqDLTFJI2PfPdgQWA39WdCAw=",
      "requires": {
        "iconv-lite": "0.4.13",
        "libbase64": "0.1.0",
        "libqp": "1.1.0"
      }
    },
    "libqp": {
      "version": "1.1.0",
      "resolved": "https://registry.npmjs.org/libqp/-/libqp-1.1.0.tgz",
      "integrity": "sha1-9ebgatdLeU+1tbZpiL9yjvHe2+g="
    },
    "mailcomposer": {
      "version": "3.6.3",
      "resolved": "https://registry.npmjs.org/mailcomposer/-/mailcomposer-3.6.3.tgz",
      "integrity": "sha1-XKbD08cj9IumGVbKEK0warxdxqI=",
      "requires": {
        "buildmail": "3.5.2",
        "libmime": "2.0.3"
      }
    },
    "memory-cache": {
      "version": "0.2.0",
      "resolved": "https://registry.npmjs.org/memory-cache/-/memory-cache-0.2.0.tgz",
      "integrity": "sha1-eJCwHVLADI68nVM+H46xfjA0hxo="
    },
    "nodemailer": {
      "version": "2.3.0",
      "resolved": "https://registry.npmjs.org/nodemailer/-/nodemailer-2.3.0.tgz",
      "integrity": "sha1-cDjcaVLH5gqV6fUYbRt8lXDMBrw=",
      "requires": {
        "libmime": "2.0.3",
        "mailcomposer": "3.6.3",
        "nodemailer-direct-transport": "3.0.6",
        "nodemailer-shared": "1.0.4",
        "nodemailer-smtp-pool": "2.5.1",
        "nodemailer-smtp-transport": "2.4.1",
        "socks": "1.1.8"
      },
      "dependencies": {
        "nodemailer-smtp-transport": {
          "version": "2.4.1",
          "resolved": "https://registry.npmjs.org/nodemailer-smtp-transport/-/nodemailer-smtp-transport-2.4.1.tgz",
          "integrity": "sha1-rMqkMhyMxe2FakiJM/Ka8dHgVC8=",
          "requires": {
            "nodemailer-shared": "1.0.4",
            "nodemailer-wellknown": "0.1.7",
            "smtp-connection": "2.3.1"
          }
        }
      }
    },
    "nodemailer-direct-transport": {
      "version": "3.0.6",
      "resolved": "https://registry.npmjs.org/nodemailer-direct-transport/-/nodemailer-direct-transport-3.0.6.tgz",
      "integrity": "sha1-tUVTqKZkbrJf9ndEb+wKw4DljFc=",
      "requires": {
        "nodemailer-shared": "1.0.4",
        "smtp-connection": "2.3.1"
      }
    },
    "nodemailer-fetch": {
      "version": "1.3.0",
      "resolved": "https://registry.npmjs.org/nodemailer-fetch/-/nodemailer-fetch-1.3.0.tgz",
      "integrity": "sha1-nzf2pbgMHLXWl8or+95BplgqULA="
    },
    "nodemailer-shared": {
      "version": "1.0.4",
      "resolved": "https://registry.npmjs.org/nodemailer-shared/-/nodemailer-shared-1.0.4.tgz",
      "integrity": "sha1-i1xcNb+ymkfdp9ODA/Ok+0e6OK4=",
      "requires": {
        "nodemailer-fetch": "1.3.0"
      }
    },
    "nodemailer-smtp-pool": {
      "version": "2.5.1",
      "resolved": "https://registry.npmjs.org/nodemailer-smtp-pool/-/nodemailer-smtp-pool-2.5.1.tgz",
      "integrity": "sha1-RpSyTALClTM5VRkB8fOnsuAwjyc=",
      "requires": {
        "nodemailer-shared": "1.0.4",
        "nodemailer-wellknown": "0.1.7",
        "smtp-connection": "2.3.1"
      }
    },
    "nodemailer-smtp-transport": {
      "version": "2.4.0",
      "resolved": "https://registry.npmjs.org/nodemailer-smtp-transport/-/nodemailer-smtp-transport-2.4.0.tgz",
      "integrity": "sha1-eOsaWt/I3sj17x6NK7jtXsRbNmI=",
      "requires": {
        "nodemailer-shared": "1.0.4",
        "nodemailer-wellknown": "0.1.7",
        "smtp-connection": "2.3.0"
      },
      "dependencies": {
        "smtp-connection": {
          "version": "2.3.0",
          "resolved": "https://registry.npmjs.org/smtp-connection/-/smtp-connection-2.3.0.tgz",
          "integrity": "sha1-1ToBXrIeM0PQnrffhqDTcafaNF0=",
          "requires": {
            "nodemailer-shared": "1.0.4"
          }
        }
      }
    },
    "nodemailer-wellknown": {
      "version": "0.1.7",
      "resolved": "https://registry.npmjs.org/nodemailer-wellknown/-/nodemailer-wellknown-0.1.7.tgz",
      "integrity": "sha1-qmQZkKmfqAqdqKI1YpBUd8zu5V8="
    },
    "smart-buffer": {
      "version": "1.1.15",
      "resolved": "https://registry.npmjs.org/smart-buffer/-/smart-buffer-1.1.15.tgz",
      "integrity": "sha1-fxFLW2X6s+KjWqd1uxLw0cZJvxY="
    },
    "smtp-connection": {
      "version": "2.3.1",
      "resolved": "https://registry.npmjs.org/smtp-connection/-/smtp-connection-2.3.1.tgz",
      "integrity": "sha1-0WnI8cmnOFQTTNq+b7gYI338T7o=",
      "requires": {
        "nodemailer-shared": "1.0.4"
      }
    },
    "socks": {
      "version": "1.1.8",
      "resolved": "https://registry.npmjs.org/socks/-/socks-1.1.8.tgz",
      "integrity": "sha1-3XMaI+ojdoApOwmgewhaJxtVjUs=",
      "requires": {
        "ip": "0.3.3",
        "smart-buffer": "1.1.15"
      }
    }
  }
}
